
Microsoft Visual Studio Solution File, Format Version 12.00
# Visual Studio Version 16
VisualStudioVersion = 16.0.29418.71
MinimumVisualStudioVersion = 10.0.40219.1
Project("{FAE04EC0-301F-11D3-BF4B-00C04F79EFBC}") = "Dior", "Dior.csproj", "{B21BEBE1-22AA-424E-B31F-012F7DE9917B}"
EndProject
Global
	GlobalSection(SolutionConfigurationPlatforms) = preSolution
		Debug|Any CPU = Debug|Any CPU
		Release|Any CPU = Release|Any CPU
	EndGlobalSection
	GlobalSection(ProjectConfigurationPlatforms) = postSolution
		{B21BEBE1-22AA-424E-B31F-012F7DE9917B}.Debug|Any CPU.ActiveCfg = Debug|Any CPU
		{B21BEBE1-22AA-424E-B31F-012F7DE9917B}.Debug|Any CPU.Build.0 = Debug|Any CPU
		{B21BEBE1-22AA-424E-B31F-012F7DE9917B}.Release|Any CPU.ActiveCfg = Release|Any CPU
		{B21BEBE1-22AA-424E-B31F-012F7DE9917B}.Release|Any CPU.Build.0 = Release|Any CPU
	EndGlobalSection
	GlobalSection(SolutionProperties) = preSolution
		HideSolutionNode = FALSE
	EndGlobalSection
	GlobalSection(ExtensibilityGlobals) = postSolution
		SolutionGuid = {A47BE0A5-0EEB-4D7E-A070-0C3B85807DE0}
	EndGlobalSection
EndGlobal
